github.com/OneOfOne/xxhash v1.2.2/go.mod h1:HSdplMjZKSmBqAxg5vPj2TmRDmfkzw+cTzAElWljhcU=
github.com/cespare/xxhash v1.1.0/go.mod h1:XrSqR1VqqWfGrhpAt58auRo0WTKS1nRRg3ghfAqPWnc=
github.com/davecgh/go-spew v1.1.1 h1:vj9j/u1bqnvCEfJOwUhtlOARqs3+rkHYY13jYWTU97c=
github.com/lesismal/llib v1.1.6 h1:/mtiOFShydKSEsO/cajK8benGD1OHgP51GrBni7rGEY=
github.com/lesismal/llib v1.1.6/go.mod h1:3vmCrIMrpkaoA3bDu/sI+J7EyEUMPbOvmAxb7PlzilM=
github.com/lesismal/nbio v1.3.0 h1:2rwOndTFrz+YuRabuDyzo4nE9ocJfHmACIj7FA73ZwE=
github.com/lesismal/nbio v1.3.0/go.mod h1:11bIzMFWwJJ5WurkTKIJejOw5JPCfPP+siptchxeSr8=
github.com/nyan233/ddio v0.1.0 h1:QG2a7kmeoHkUYHCFs9GirhOrEcRKX+zZaesFRn362zM=
github.com/nyan233/ddio v0.1.0/go.mod h1:kG6lPsB/RDZt2BmwzCXoA8rq+P0B7iXalZKrknvz5Ls=
github.com/pmezard/go-difflib v1.0.0 h1:4DBwDE0NGyQoBHbLQYPwSUPoCMWR5BEzIk/f1lZbAQM=
github.com/spaolacci/murmur3 v0.0.0-20180118202830-f09979ecbc72/go.mod h1:JwIasOWyU6f++ZhiEuf87xNszmSA2myDM2Kzu9HwQUA=
github.com/stretchr/testify v1.8.1 h1:w7B6lhMri9wdJUVmEZPGGhZzrYTPvgJArz7wNPgYKsk=
github.com/zbh255/bilog v0.3.1 h1:oJLDuHaQoDgCe9GKipoyvvO7BjIlbpkwldtkgL4X3O0=
github.com/zbh255/bilog v0.3.1/go.mod h1:+pxO/QrcJt6Z8sHU5FtuswYohdPgft0+ydS2lziHOp4=
golang.org/x/crypto v0.0.0-20210513122933-cd7d49e622d5 h1:N6Jp/LCiEoIBX56BZSR2bepK5GtbSC2DDOYT742mMfE=
golang.org/x/crypto v0.0.0-20210513122933-cd7d49e622d5/go.mod h1:P+XmwS30IXTQdn5tA2iutPOUgjI07+tq3H3K9MVA1s8=
golang.org/x/net v0.0.0-20210226172049-e18ecbb05110/go.mod h1:m0MpNAwzfU5UDzcl9v0D8zg8gWTRqZa9RBIspLL5mdg=
golang.org/x/net v0.0.0-20210510120150-4163338589ed/go.mod h1:9nx3DQGgdP8bBQD5qxJ1jj9UTztislL4KSBs9R2vV5Y=
golang.org/x/sys v0.0.0-20201119102817-f84b799fce68/go.mod h1:h1NjWce9XRLGQEsW7wpKNCjG9DtNlClVuFLEZdDNbEs=
golang.org/x/sys v0.0.0-20210423082822-04245dca01da/go.mod h1:h1NjWce9XRLGQEsW7wpKNCjG9DtNlClVuFLEZdDNbEs=
golang.org/x/sys v0.2.0 h1:ljd4t30dBnAvMZaQCevtY0xLLD0A+bRZXbgLMLU1F/A=
golang.org/x/sys v0.2.0/go.mod h1:oPkhp1MJrh7nUepCBck5+mAzfO9JrbApNNgaTdGDITg=
golang.org/x/term v0.0.0-20201126162022-7de9c90e9dd1/go.mod h1:bj7SfCRtBDWHUb9snDiAeCFNEtKQo2Wmx5Cou7ajbmo=
golang.org/x/text v0.3.3/go.mod h1:5Zoc/QRtKVWzQhOtBMvqHzDpF6irO9z98xDceosuGiQ=
golang.org/x/text v0.3.6/go.mod h1:5Zoc/QRtKVWzQhOtBMvqHzDpF6irO9z98xDceosuGiQ=
golang.org/x/tools v0.0.0-20180917221912-90fa682c2a6e/go.mod h1:n7NCudcB/nEzxVGmLbDWY5pfWTLqBcC2KZ6jyYvM4mQ=
gopkg.in/yaml.v3 v3.0.1 h1:fxVm/GzAzEWqLHuvctI91KS9hhNmmWOoWu0XTYJS7CA=
